
Microsoft Visual Studio Solution File, Format Version 12.00
# Visual Studio 15
VisualStudioVersion = 15.0.27130.2024
MinimumVisualStudioVersion = 10.0.40219.1
Project("{FAE04EC0-301F-11D3-BF4B-00C04F79EFBC}") = "SP.DataMigrationCRMSP", "SP.DataMigrationCRMSP.csproj", "{76DBE58E-49E1-4ED6-B066-0A2C94A20C36}"
EndProject
Global
	GlobalSection(SolutionConfigurationPlatforms) = preSolution
		Debug|Any CPU = Debug|Any CPU
		Release|Any CPU = Release|Any CPU
	EndGlobalSection
	GlobalSection(ProjectConfigurationPlatforms) = postSolution
		{76DBE58E-49E1-4ED6-B066-0A2C94A20C36}.Debug|Any CPU.ActiveCfg = Debug|Any CPU
		{76DBE58E-49E1-4ED6-B066-0A2C94A20C36}.Debug|Any CPU.Build.0 = Debug|Any CPU
		{76DBE58E-49E1-4ED6-B066-0A2C94A20C36}.Release|Any CPU.ActiveCfg = Release|Any CPU
		{76DBE58E-49E1-4ED6-B066-0A2C94A20C36}.Release|Any CPU.Build.0 = Release|Any CPU
	EndGlobalSection
	GlobalSection(SolutionProperties) = preSolution
		HideSolutionNode = FALSE
	EndGlobalSection
	GlobalSection(ExtensibilityGlobals) = postSolution
		SolutionGuid = {191177B8-FB89-4F52-A6A7-13307EA8EF51}
	EndGlobalSection
EndGlobal
